
Microsoft Visual Studio Solution File, Format Version 12.00
# Visual Studio Version 17
VisualStudioVersion = 17.12.35506.116 d17.12
MinimumVisualStudioVersion = 10.0.40219.1
Project("{FAE04EC0-301F-11D3-BF4B-00C04F79EFBC}") = "MVVMDemo", "MVVMDemo\MVVMDemo.csproj", "{50E3A5BA-EF84-49D8-B5B6-9065C1C7E20D}"
EndProject
Global
	GlobalSection(SolutionConfigurationPlatforms) = preSolution
		Debug|Any CPU = Debug|Any CPU
		Release|Any CPU = Release|Any CPU
	EndGlobalSection
	GlobalSection(ProjectConfigurationPlatforms) = postSolution
		{50E3A5BA-EF84-49D8-B5B6-9065C1C7E20D}.Debug|Any CPU.ActiveCfg = Debug|Any CPU
		{50E3A5BA-EF84-49D8-B5B6-9065C1C7E20D}.Debug|Any CPU.Build.0 = Debug|Any CPU
		{50E3A5BA-EF84-49D8-B5B6-9065C1C7E20D}.Release|Any CPU.ActiveCfg = Release|Any CPU
		{50E3A5BA-EF84-49D8-B5B6-9065C1C7E20D}.Release|Any CPU.Build.0 = Release|Any CPU
	EndGlobalSection
	GlobalSection(SolutionProperties) = preSolution
		HideSolutionNode = FALSE
	EndGlobalSection
EndGlobal
